// !$*UTF8*$!
{
	archiveVersion = 1;
	classes = {
	};
	objectVersion = 48;
	objects = {

/* Begin PBXBuildFile section */
		38AD5E702034B92C00A07905 /* 99NamesModel.m in Sources */ = {isa = PBXBuildFile; fileRef = 38AD5E6F2034B92C00A07905 /* 99NamesModel.m */; };
		38AD5E732034CFBF00A07905 /* FullName.m in Sources */ = {isa = PBXBuildFile; fileRef = 38AD5E722034CFBF00A07905 /* FullName.m */; };
		691C5E012025E7810019D564 /* DataSource.m in Sources */ = {isa = PBXBuildFile; fileRef = 691C5E002025E7810019D564 /* DataSource.m */; };
		691C5E05202604B80019D564 /* FactFinder.m in Sources */ = {isa = PBXBuildFile; fileRef = 691C5E04202604B80019D564 /* FactFinder.m */; };
		69CEDA9B201D422E00E59E81 /* AppDelegate.m in Sources */ = {isa = PBXBuildFile; fileRef = 69CEDA9A201D422E00E59E81 /* AppDelegate.m */; };
		69CEDA9E201D422E00E59E81 /* ViewController.m in Sources */ = {isa = PBXBuildFile; fileRef = 69CEDA9D201D422E00E59E81 /* ViewController.m */; };
		69CEDAA1201D422E00E59E81 /* Main.storyboard in Resources */ = {isa = PBXBuildFile; fileRef = 69CEDA9F201D422E00E59E81 /* Main.storyboard */; };
		69CEDAA3201D422E00E59E81 /* Assets.xcassets in Resources */ = {isa = PBXBuildFile; fileRef = 69CEDAA2201D422E00E59E81 /* Assets.xcassets */; };
		69CEDAA6201D422E00E59E81 /* LaunchScreen.storyboard in Resources */ = {isa = PBXBuildFile; fileRef = 69CEDAA4201D422E00E59E81 /* LaunchScreen.storyboard */; };
		69CEDAA9201D422E00E59E81 /* main.m in Sources */ = {isa = PBXBuildFile; fileRef = 69CEDAA8201D422E00E59E81 /* main.m */; };
/* End PBXBuildFile section */

/* Begin PBXFileReference section */
		38AD5E6E2034B92C00A07905 /* 99NamesModel.h */ = {isa = PBXFileReference; lastKnownFileType = sourcecode.c.h; path = 99NamesModel.h; sourceTree = "<group>"; };
		38AD5E6F2034B92C00A07905 /* 99NamesModel.m */ = {isa = PBXFileReference; lastKnownFileType = sourcecode.c.objc; path = 99NamesModel.m; sourceTree = "<group>"; };
		38AD5E712034CFBF00A07905 /* FullName.h */ = {isa = PBXFileReference; lastKnownFileType = sourcecode.c.h; path = FullName.h; sourceTree = "<group>"; };
		38AD5E722034CFBF00A07905 /* FullName.m */ = {isa = PBXFileReference; lastKnownFileType = sourcecode.c.objc; path = FullName.m; sourceTree = "<group>"; };
		691C5DFF2025E7810019D564 /* DataSource.h */ = {isa = PBXFileReference; lastKnownFileType = sourcecode.c.h; path = DataSource.h; sourceTree = "<group>"; };
		691C5E002025E7810019D564 /* DataSource.m */ = {isa = PBXFileReference; lastKnownFileType = sourcecode.c.objc; path = DataSource.m; sourceTree = "<group>"; };
		691C5E03202604B80019D564 /* FactFinder.h */ = {isa = PBXFileReference; lastKnownFileType = sourcecode.c.h; path = FactFinder.h; sourceTree = "<group>"; };
		691C5E04202604B80019D564 /* FactFinder.m */ = {isa = PBXFileReference; lastKnownFileType = sourcecode.c.objc; path = FactFinder.m; sourceTree = "<group>"; };
		69CEDA96201D422D00E59E81 /* 99Names.app */ = {isa = PBXFileReference; explicitFileType = wrapper.application; includeInIndex = 0; path = 99Names.app; sourceTree = BUILT_PRODUCTS_DIR; };
		69CEDA99201D422E00E59E81 /* AppDelegate.h */ = {isa = PBXFileReference; lastKnownFileType = sourcecode.c.h; path = AppDelegate.h; sourceTree = "<group>"; };
		69CEDA9A201D422E00E59E81 /* AppDelegate.m */ = {isa = PBXFileReference; lastKnownFileType = sourcecode.c.objc; path = AppDelegate.m; sourceTree = "<group>"; };
		69CEDA9C201D422E00E59E81 /* ViewController.h */ = {isa = PBXFileReference; lastKnownFileType = sourcecode.c.h; path = ViewController.h; sourceTree = "<group>"; };
		69CEDA9D201D422E00E59E81 /* ViewController.m */ = {isa = PBXFileReference; lastKnownFileType = sourcecode.c.objc; path = ViewController.m; sourceTree = "<group>"; };
		69CEDAA0201D422E00E59E81 /* Base */ = {isa = PBXFileReference; lastKnownFileType = file.storyboard; name = Base; path = Base.lproj/Main.storyboard; sourceTree = "<group>"; };
		69CEDAA2201D422E00E59E81 /* Assets.xcassets */ = {isa = PBXFileReference; lastKnownFileType = folder.assetcatalog; path = Assets.xcassets; sourceTree = "<group>"; };
		69CEDAA5201D422E00E59E81 /* Base */ = {isa = PBXFileReference; lastKnownFileType = file.storyboard; name = Base; path = Base.lproj/LaunchScreen.storyboard; sourceTree = "<group>"; };
		69CEDAA7201D422E00E59E81 /* Info.plist */ = {isa = PBXFileReference; lastKnownFileType = text.plist.xml; path = Info.plist; sourceTree = "<group>"; };
		69CEDAA8201D422E00E59E81 /* main.m */ = {isa = PBXFileReference; lastKnownFileType = sourcecode.c.objc; path = main.m; sourceTree = "<group>"; };
/* End PBXFileReference section */

/* Begin PBXFrameworksBuildPhase section */
		69CEDA93201D422D00E59E81 /* Frameworks */ = {
			isa = PBXFrameworksBuildPhase;
			buildActionMask = 2147483647;
			files = (
			);
			runOnlyForDeploymentPostprocessing = 0;
		};
/* End PBXFrameworksBuildPhase section */

/* Begin PBXGroup section */
		691C5DFC2025E7400019D564 /* Model */ = {
			isa = PBXGroup;
			children = (
				691C5DFF2025E7810019D564 /* DataSource.h */,
				691C5E002025E7810019D564 /* DataSource.m */,
				691C5E03202604B80019D564 /* FactFinder.h */,
				691C5E04202604B80019D564 /* FactFinder.m */,
				38AD5E6E2034B92C00A07905 /* 99NamesModel.h */,
				38AD5E6F2034B92C00A07905 /* 99NamesModel.m */,
				38AD5E712034CFBF00A07905 /* FullName.h */,
				38AD5E722034CFBF00A07905 /* FullName.m */,
			);
			path = Model;
			sourceTree = "<group>";
		};
		691C5DFD2025E7460019D564 /* Controller */ = {
			isa = PBXGroup;
			children = (
				69CEDA9C201D422E00E59E81 /* ViewController.h */,
				69CEDA9D201D422E00E59E81 /* ViewController.m */,
			);
			path = Controller;
			sourceTree = "<group>";
		};
		691C5DFE2025E7500019D564 /* View */ = {
			isa = PBXGroup;
			children = (
				69CEDA9F201D422E00E59E81 /* Main.storyboard */,
				69CEDAA4201D422E00E59E81 /* LaunchScreen.storyboard */,
			);
			path = View;
			sourceTree = "<group>";
		};
		69CEDA8D201D422D00E59E81 = {
			isa = PBXGroup;
			children = (
				69CEDA98201D422D00E59E81 /* 99Names */,
				69CEDA97201D422D00E59E81 /* Products */,
			);
			sourceTree = "<group>";
		};
		69CEDA97201D422D00E59E81 /* Products */ = {
			isa = PBXGroup;
			children = (
				69CEDA96201D422D00E59E81 /* 99Names.app */,
			);
			name = Products;
			sourceTree = "<group>";
		};
		69CEDA98201D422D00E59E81 /* 99Names */ = {
			isa = PBXGroup;
			children = (
				691C5DFE2025E7500019D564 /* View */,
				691C5DFD2025E7460019D564 /* Controller */,
				691C5DFC2025E7400019D564 /* Model */,
				69CEDA99201D422E00E59E81 /* AppDelegate.h */,
				69CEDA9A201D422E00E59E81 /* AppDelegate.m */,
				69CEDAA2201D422E00E59E81 /* Assets.xcassets */,
				69CEDAA7201D422E00E59E81 /* Info.plist */,
				69CEDAA8201D422E00E59E81 /* main.m */,
			);
			path = 99Names;
			sourceTree = "<group>";
		};
/* End PBXGroup section */

/* Begin PBXNativeTarget section */
		69CEDA95201D422D00E59E81 /* 99Names */ = {
			isa = PBXNativeTarget;
			buildConfigurationList = 69CEDAC2201D422E00E59E81 /* Build configuration list for PBXNativeTarget "99Names" */;
			buildPhases = (
				69CEDA92201D422D00E59E81 /* Sources */,
				69CEDA93201D422D00E59E81 /* Frameworks */,
				69CEDA94201D422D00E59E81 /* Resources */,
			);
			buildRules = (
			);
			dependencies = (
			);
			name = 99Names;
			productName = HelloWorld;
			productReference = 69CEDA96201D422D00E59E81 /* 99Names.app */;
			productType = "com.apple.product-type.application";
		};
/* End PBXNativeTarget section */

/* Begin PBXProject section */
		69CEDA8E201D422D00E59E81 /* Project object */ = {
			isa = PBXProject;
			attributes = {
				LastUpgradeCheck = 0920;
				ORGANIZATIONNAME = "Tawfiq Hamid";
				TargetAttributes = {
					69CEDA95201D422D00E59E81 = {
						CreatedOnToolsVersion = 9.2;
						ProvisioningStyle = Automatic;
					};
				};
			};
			buildConfigurationList = 69CEDA91201D422D00E59E81 /* Build configuration list for PBXProject "99Names" */;
			compatibilityVersion = "Xcode 8.0";
			developmentRegion = en;
			hasScannedForEncodings = 0;
			knownRegions = (
				en,
				Base,
			);
			mainGroup = 69CEDA8D201D422D00E59E81;
			productRefGroup = 69CEDA97201D422D00E59E81 /* Products */;
			projectDirPath = "";
			projectRoot = "";
			targets = (
				69CEDA95201D422D00E59E81 /* 99Names */,
			);
		};
/* End PBXProject section */

/* Begin PBXResourcesBuildPhase section */
		69CEDA94201D422D00E59E81 /* Resources */ = {
			isa = PBXResourcesBuildPhase;
			buildActionMask = 2147483647;
			files = (
				69CEDAA6201D422E00E59E81 /* LaunchScreen.storyboard in Resources */,
				69CEDAA3201D422E00E59E81 /* Assets.xcassets in Resources */,
				69CEDAA1201D422E00E59E81 /* Main.storyboard in Resources */,
			);
			runOnlyForDeploymentPostprocessing = 0;
		};
/* End PBXResourcesBuildPhase section */

/* Begin PBXSourcesBuildPhase section */
		69CEDA92201D422D00E59E81 /* Sources */ = {
			isa = PBXSourcesBuildPhase;
			buildActionMask = 2147483647;
			files = (
				38AD5E702034B92C00A07905 /* 99NamesModel.m in Sources */,
				691C5E05202604B80019D564 /* FactFinder.m in Sources */,
				69CEDA9E201D422E00E59E81 /* ViewController.m in Sources */,
				69CEDAA9201D422E00E59E81 /* main.m in Sources */,
				38AD5E732034CFBF00A07905 /* FullName.m in Sources */,
				691C5E012025E7810019D564 /* DataSource.m in Sources */,
				69CEDA9B201D422E00E59E81 /* AppDelegate.m in Sources */,
			);
			runOnlyForDeploymentPostprocessing = 0;
		};
/* End PBXSourcesBuildPhase section */

/* Begin PBXVariantGroup section */
		69CEDA9F201D422E00E59E81 /* Main.storyboard */ = {
			isa = PBXVariantGroup;
			children = (
				69CEDAA0201D422E00E59E81 /* Base */,
			);
			name = Main.storyboard;
			sourceTree = "<group>";
		};
		69CEDAA4201D422E00E59E81 /* LaunchScreen.storyboard */ = {
			isa = PBXVariantGroup;
			children = (
				69CEDAA5201D422E00E59E81 /* Base */,
			);
			name = LaunchScreen.storyboard;
			sourceTree = "<group>";
		};
/* End PBXVariantGroup section */

/* Begin XCBuildConfiguration section */
		69CEDAC0201D422E00E59E81 /* Debug */ = {
			isa = XCBuildConfiguration;
			buildSettings = {
				ALWAYS_SEARCH_USER_PATHS = NO;
				CLANG_ANALYZER_NONNULL = YES;
				CLANG_ANALYZER_NUMBER_OBJECT_CONVERSION = YES_AGGRESSIVE;
				CLANG_CXX_LANGUAGE_STANDARD = "gnu++14";
				CLANG_CXX_LIBRARY = "libc++";
				CLANG_ENABLE_MODULES = YES;
				CLANG_ENABLE_OBJC_ARC = YES;
				CLANG_WARN_BLOCK_CAPTURE_AUTORELEASING = YES;
				CLANG_WARN_BOOL_CONVERSION = YES;
				CLANG_WARN_COMMA = YES;
				CLANG_WARN_CONSTANT_CONVERSION = YES;
				CLANG_WARN_DIRECT_OBJC_ISA_USAGE = YES_ERROR;
				CLANG_WARN_DOCUMENTATION_COMMENTS = YES;
				CLANG_WARN_EMPTY_BODY = YES;
				CLANG_WARN_ENUM_CONVERSION = YES;
				CLANG_WARN_INFINITE_RECURSION = YES;
				CLANG_WARN_INT_CONVERSION = YES;
				CLANG_WARN_NON_LITERAL_NULL_CONVERSION = YES;
				CLANG_WARN_OBJC_LITERAL_CONVERSION = YES;
				CLANG_WARN_OBJC_ROOT_CLASS = YES_ERROR;
				CLANG_WARN_RANGE_LOOP_ANALYSIS = YES;
				CLANG_WARN_STRICT_PROTOTYPES = YES;
				CLANG_WARN_SUSPICIOUS_MOVE = YES;
				CLANG_WARN_UNGUARDED_AVAILABILITY = YES_AGGRESSIVE;
				CLANG_WARN_UNREACHABLE_CODE = YES;
				CLANG_WARN__DUPLICATE_METHOD_MATCH = YES;
				CODE_SIGN_IDENTITY = "iPhone Developer";
				COPY_PHASE_STRIP = NO;
				DEBUG_INFORMATION_FORMAT = dwarf;
				ENABLE_STRICT_OBJC_MSGSEND = YES;
				ENABLE_TESTABILITY = YES;
				GCC_C_LANGUAGE_STANDARD = gnu11;
				GCC_DYNAMIC_NO_PIC = NO;
				GCC_NO_COMMON_BLOCKS = YES;
				GCC_OPTIMIZATION_LEVEL = 0;
				GCC_PREPROCESSOR_DEFINITIONS = (
					"DEBUG=1",
					"$(inherited)",
				);
				GCC_WARN_64_TO_32_BIT_CONVERSION = YES;
				GCC_WARN_ABOUT_RETURN_TYPE = YES_ERROR;
				GCC_WARN_UNDECLARED_SELECTOR = YES;
				GCC_WARN_UNINITIALIZED_AUTOS = YES_AGGRESSIVE;
				GCC_WARN_UNUSED_FUNCTION = YES;
				GCC_WARN_UNUSED_VARIABLE = YES;
				IPHONEOS_DEPLOYMENT_TARGET = 11.2;
				MTL_ENABLE_DEBUG_INFO = YES;
				ONLY_ACTIVE_ARCH = YES;
				SDKROOT = iphoneos;
			};
			name = Debug;
		};
		69CEDAC1201D422E00E59E81 /* Release */ = {
			isa = XCBuildConfiguration;
			buildSettings = {
				ALWAYS_SEARCH_USER_PATHS = NO;
				CLANG_ANALYZER_NONNULL = YES;
				CLANG_ANALYZER_NUMBER_OBJECT_CONVERSION = YES_AGGRESSIVE;
				CLANG_CXX_LANGUAGE_STANDARD = "gnu++14";
				CLANG_CXX_LIBRARY = "libc++";
				CLANG_ENABLE_MODULES = YES;
				CLANG_ENABLE_OBJC_ARC = YES;
				CLANG_WARN_BLOCK_CAPTURE_AUTORELEASING = YES;
				CLANG_WARN_BOOL_CONVERSION = YES;
				CLANG_WARN_COMMA = YES;
				CLANG_WARN_CONSTANT_CONVERSION = YES;
				CLANG_WARN_DIRECT_OBJC_ISA_USAGE = YES_ERROR;
				CLANG_WARN_DOCUMENTATION_COMMENTS = YES;
				CLANG_WARN_EMPTY_BODY = YES;
				CLANG_WARN_ENUM_CONVERSION = YES;
				CLANG_WARN_INFINITE_RECURSION = YES;
				CLANG_WARN_INT_CONVERSION = YES;
				CLANG_WARN_NON_LITERAL_NULL_CONVERSION = YES;
				CLANG_WARN_OBJC_LITERAL_CONVERSION = YES;
				CLANG_WARN_OBJC_ROOT_CLASS = YES_ERROR;
				CLANG_WARN_RANGE_LOOP_ANALYSIS = YES;
				CLANG_WARN_STRICT_PROTOTYPES = YES;
				CLANG_WARN_SUSPICIOUS_MOVE = YES;
				CLANG_WARN_UNGUARDED_AVAILABILITY = YES_AGGRESSIVE;
				CLANG_WARN_UNREACHABLE_CODE = YES;
				CLANG_WARN__DUPLICATE_METHOD_MATCH = YES;
				CODE_SIGN_IDENTITY = "iPhone Developer";
				COPY_PHASE_STRIP = NO;
				DEBUG_INFORMATION_FORMAT = "dwarf-with-dsym";
				ENABLE_NS_ASSERTIONS = NO;
				ENABLE_STRICT_OBJC_MSGSEND = YES;
				GCC_C_LANGUAGE_STANDARD = gnu11;
				GCC_NO_COMMON_BLOCKS = YES;
				GCC_WARN_64_TO_32_BIT_CONVERSION = YES;
				GCC_WARN_ABOUT_RETURN_TYPE = YES_ERROR;
				GCC_WARN_UNDECLARED_SELECTOR = YES;
				GCC_WARN_UNINITIALIZED_AUTOS = YES_AGGRESSIVE;
				GCC_WARN_UNUSED_FUNCTION = YES;
				GCC_WARN_UNUSED_VARIABLE = YES;
				IPHONEOS_DEPLOYMENT_TARGET = 11.2;
				MTL_ENABLE_DEBUG_INFO = NO;
				SDKROOT = iphoneos;
				VALIDATE_PRODUCT = YES;
			};
			name = Release;
		};
		69CEDAC3201D422E00E59E81 /* Debug */ = {
			isa = XCBuildConfiguration;
			buildSettings = {
				ASSETCATALOG_COMPILER_APPICON_NAME = AppIcon;
				CODE_SIGN_STYLE = Automatic;
				DEVELOPMENT_TEAM = 99MXLHWZXE;
				INFOPLIST_FILE = 99Names/Info.plist;
				LD_RUNPATH_SEARCH_PATHS = "$(inherited) @executable_path/Frameworks";
				PRODUCT_BUNDLE_IDENTIFIER = "tawfiq-hamid-productions.99Names";
				PRODUCT_NAME = 99Names;
				TARGETED_DEVICE_FAMILY = "1,2";
			};
			name = Debug;
		};
		69CEDAC4201D422E00E59E81 /* Release */ = {
			isa = XCBuildConfiguration;
			buildSettings = {
				ASSETCATALOG_COMPILER_APPICON_NAME = AppIcon;
				CODE_SIGN_STYLE = Automatic;
				DEVELOPMENT_TEAM = 99MXLHWZXE;
				INFOPLIST_FILE = 99Names/Info.plist;
				LD_RUNPATH_SEARCH_PATHS = "$(inherited) @executable_path/Frameworks";
				PRODUCT_BUNDLE_IDENTIFIER = "tawfiq-hamid-productions.99Names";
				PRODUCT_NAME = 99Names;
				TARGETED_DEVICE_FAMILY = "1,2";
			};
			name = Release;
		};
/* End XCBuildConfiguration section */

/* Begin XCConfigurationList section */
		69CEDA91201D422D00E59E81 /* Build configuration list for PBXProject "99Names" */ = {
			isa = XCConfigurationList;
			buildConfigurations = (
				69CEDAC0201D422E00E59E81 /* Debug */,
				69CEDAC1201D422E00E59E81 /* Release */,
			);
			defaultConfigurationIsVisible = 0;
			defaultConfigurationName = Release;
		};
		69CEDAC2201D422E00E59E81 /* Build configuration list for PBXNativeTarget "99Names" */ = {
			isa = XCConfigurationList;
			buildConfigurations = (
				69CEDAC3201D422E00E59E81 /* Debug */,
				69CEDAC4201D422E00E59E81 /* Release */,
			);
			defaultConfigurationIsVisible = 0;
			defaultConfigurationName = Release;
		};
/* End XCConfigurationList section */
	};
	rootObject = 69CEDA8E201D422D00E59E81 /* Project object */;
}
